
Microsoft Visual Studio Solution File, Format Version 12.00
# Visual Studio 2013
VisualStudioVersion = 12.0.31101.0
MinimumVisualStudioVersion = 10.0.40219.1
Project("{FAE04EC0-301F-11D3-BF4B-00C04F79EFBC}") = "FastExcel", "FastExcel\FastExcel.csproj", "{78B95CB9-679F-4EAF-9ADB-08EE175E351F}"
EndProject
Project("{FAE04EC0-301F-11D3-BF4B-00C04F79EFBC}") = "FastExcelDemo", "FastExcelDemo\FastExcelDemo.csproj", "{C155988B-D8C8-4498-A970-7B142B493C7A}"
EndProject
Global
	GlobalSection(SolutionConfigurationPlatforms) = preSolution
		Debug|Any CPU = Debug|Any CPU
		Release|Any CPU = Release|Any CPU
	EndGlobalSection
	GlobalSection(ProjectConfigurationPlatforms) = postSolution
		{78B95CB9-679F-4EAF-9ADB-08EE175E351F}.Debug|Any CPU.ActiveCfg = Debug|Any CPU
		{78B95CB9-679F-4EAF-9ADB-08EE175E351F}.Debug|Any CPU.Build.0 = Debug|Any CPU
		{78B95CB9-679F-4EAF-9ADB-08EE175E351F}.Release|Any CPU.ActiveCfg = Release|Any CPU
		{78B95CB9-679F-4EAF-9ADB-08EE175E351F}.Release|Any CPU.Build.0 = Release|Any CPU
		{C155988B-D8C8-4498-A970-7B142B493C7A}.Debug|Any CPU.ActiveCfg = Debug|Any CPU
		{C155988B-D8C8-4498-A970-7B142B493C7A}.Debug|Any CPU.Build.0 = Debug|Any CPU
		{C155988B-D8C8-4498-A970-7B142B493C7A}.Release|Any CPU.ActiveCfg = Release|Any CPU
		{C155988B-D8C8-4498-A970-7B142B493C7A}.Release|Any CPU.Build.0 = Release|Any CPU
	EndGlobalSection
	GlobalSection(SolutionProperties) = preSolution
		HideSolutionNode = FALSE
	EndGlobalSection
	GlobalSection(Performance) = preSolution
		HasPerformanceSessions = true
	EndGlobalSection
EndGlobal
